
Microsoft Visual Studio Solution File, Format Version 12.00
# Visual Studio Version 17
VisualStudioVersion = 17.8.34330.188
MinimumVisualStudioVersion = 10.0.40219.1
Project("{F184B08F-C81C-45F6-A57F-5ABD9991F28F}") = "ConsoleBSIGeneralAffair", "ConsoleBSIGeneralAffair\ConsoleBSIGeneralAffair.vbproj", "{BC45140E-DA29-487A-BC3B-46AF1023EF0B}"
EndProject
Project("{2150E333-8FDC-42A3-9474-1A3956D46DE8}") = "BussinesObject", "BussinesObject", "{B1D2F58A-698C-4E6D-99FE-8DDD1106937B}"
EndProject
Project("{2150E333-8FDC-42A3-9474-1A3956D46DE8}") = "DataAccessLayer", "DataAccessLayer", "{AB7B9003-1693-469E-BF61-DE8F5D5F5B17}"
EndProject
Project("{2150E333-8FDC-42A3-9474-1A3956D46DE8}") = "Interface", "Interface", "{23099FB7-65D5-4119-B65F-575A206DE006}"
EndProject
Project("{778DAE3C-4631-46EA-AA77-85C1314464D9}") = "BSIGeneralAffairBO", "BSIGeneralAffairBO\BSIGeneralAffairBO.vbproj", "{DD146B4A-D6A5-4738-BC43-0F9A6828278B}"
EndProject
Project("{778DAE3C-4631-46EA-AA77-85C1314464D9}") = "BSIGeneralAffairDAL", "BSIGeneralAffairDAL\BSIGeneralAffairDAL.vbproj", "{4972CCAA-1A2E-48E3-9C6C-BEA9AC24157C}"
EndProject
Project("{778DAE3C-4631-46EA-AA77-85C1314464D9}") = "GeneralAffairInterface", "GeneralAffairInterface\GeneralAffairInterface.vbproj", "{ADBA4C92-C283-478D-9BD5-46AE9C7574A7}"
EndProject
Project("{F184B08F-C81C-45F6-A57F-5ABD9991F28F}") = "WebFormBSIGeneralAffair", "WebFormBSIGeneralAffair\WebFormBSIGeneralAffair.vbproj", "{CB4B5CCF-C65A-4FE7-9EEA-D3F7E52ADAF6}"
EndProject
Project("{F184B08F-C81C-45F6-A57F-5ABD9991F28F}") = "WebFormBSIGeneralAffairCosmetic", "WebFormBSIGeneralAffairCosmetic\WebFormBSIGeneralAffairCosmetic.vbproj", "{CD8E53D2-B177-494B-AE08-1CEEF98E43D7}"
EndProject
Project("{9A19103F-16F7-4668-BE54-9A1E7A4F7556}") = "BSIGeneralAffairBO-C", "BSIGeneralAffairBO-C\BSIGeneralAffairBO-C.csproj", "{078B35A5-11EA-4C8E-8F34-D7C78BBB804A}"
EndProject
Project("{9A19103F-16F7-4668-BE54-9A1E7A4F7556}") = "BSIGeneralAffairDAL-C", "BSIGeneralAffairDAL-C\BSIGeneralAffairDAL-C.csproj", "{6BDC38A7-6450-4171-9A09-B312BF6E3ACB}"
EndProject
Project("{2150E333-8FDC-42A3-9474-1A3956D46DE8}") = "BussinesLayerLogic", "BussinesLayerLogic", "{A9F2DE80-B8DA-4E40-8C27-5D96C8D49C4A}"
EndProject
Project("{9A19103F-16F7-4668-BE54-9A1E7A4F7556}") = "BSIGeneralAffairBLL", "BSIGeneralAffairBLL\BSIGeneralAffairBLL.csproj", "{EB10B8F7-C57A-46AC-B29E-630A3510C371}"
EndProject
Project("{2150E333-8FDC-42A3-9474-1A3956D46DE8}") = "FinalProjectMVC", "FinalProjectMVC", "{DC1B5EFF-F4D5-4DB1-896A-8919095CE63D}"
EndProject
Project("{9A19103F-16F7-4668-BE54-9A1E7A4F7556}") = "MVCBSIGeneralAffair", "MVCBSIGeneralAffair\MVCBSIGeneralAffair.csproj", "{FBD67E48-D08D-4944-A135-46FE57AB1ECA}"
EndProject
Project("{FAE04EC0-301F-11D3-BF4B-00C04F79EFBC}") = "MVCBSIGeneralAffairCosmetic", "MVCBSIGeneralAffairCosmetic\MVCBSIGeneralAffairCosmetic.csproj", "{28FD65E3-614D-4F46-8F79-0BEBE29E6F11}"
EndProject
Global
	GlobalSection(SolutionConfigurationPlatforms) = preSolution
		Debug|Any CPU = Debug|Any CPU
		Release|Any CPU = Release|Any CPU
	EndGlobalSection
	GlobalSection(ProjectConfigurationPlatforms) = postSolution
		{BC45140E-DA29-487A-BC3B-46AF1023EF0B}.Debug|Any CPU.ActiveCfg = Debug|Any CPU
		{BC45140E-DA29-487A-BC3B-46AF1023EF0B}.Debug|Any CPU.Build.0 = Debug|Any CPU
		{BC45140E-DA29-487A-BC3B-46AF1023EF0B}.Release|Any CPU.ActiveCfg = Release|Any CPU
		{BC45140E-DA29-487A-BC3B-46AF1023EF0B}.Release|Any CPU.Build.0 = Release|Any CPU
		{DD146B4A-D6A5-4738-BC43-0F9A6828278B}.Debug|Any CPU.ActiveCfg = Debug|Any CPU
		{DD146B4A-D6A5-4738-BC43-0F9A6828278B}.Debug|Any CPU.Build.0 = Debug|Any CPU
		{DD146B4A-D6A5-4738-BC43-0F9A6828278B}.Release|Any CPU.ActiveCfg = Release|Any CPU
		{DD146B4A-D6A5-4738-BC43-0F9A6828278B}.Release|Any CPU.Build.0 = Release|Any CPU
		{4972CCAA-1A2E-48E3-9C6C-BEA9AC24157C}.Debug|Any CPU.ActiveCfg = Debug|Any CPU
		{4972CCAA-1A2E-48E3-9C6C-BEA9AC24157C}.Debug|Any CPU.Build.0 = Debug|Any CPU
		{4972CCAA-1A2E-48E3-9C6C-BEA9AC24157C}.Release|Any CPU.ActiveCfg = Release|Any CPU
		{4972CCAA-1A2E-48E3-9C6C-BEA9AC24157C}.Release|Any CPU.Build.0 = Release|Any CPU
		{ADBA4C92-C283-478D-9BD5-46AE9C7574A7}.Debug|Any CPU.ActiveCfg = Debug|Any CPU
		{ADBA4C92-C283-478D-9BD5-46AE9C7574A7}.Debug|Any CPU.Build.0 = Debug|Any CPU
		{ADBA4C92-C283-478D-9BD5-46AE9C7574A7}.Release|Any CPU.ActiveCfg = Release|Any CPU
		{ADBA4C92-C283-478D-9BD5-46AE9C7574A7}.Release|Any CPU.Build.0 = Release|Any CPU
		{CB4B5CCF-C65A-4FE7-9EEA-D3F7E52ADAF6}.Debug|Any CPU.ActiveCfg = Debug|Any CPU
		{CB4B5CCF-C65A-4FE7-9EEA-D3F7E52ADAF6}.Debug|Any CPU.Build.0 = Debug|Any CPU
		{CB4B5CCF-C65A-4FE7-9EEA-D3F7E52ADAF6}.Release|Any CPU.ActiveCfg = Release|Any CPU
		{CB4B5CCF-C65A-4FE7-9EEA-D3F7E52ADAF6}.Release|Any CPU.Build.0 = Release|Any CPU
		{CD8E53D2-B177-494B-AE08-1CEEF98E43D7}.Debug|Any CPU.ActiveCfg = Debug|Any CPU
		{CD8E53D2-B177-494B-AE08-1CEEF98E43D7}.Debug|Any CPU.Build.0 = Debug|Any CPU
		{CD8E53D2-B177-494B-AE08-1CEEF98E43D7}.Release|Any CPU.ActiveCfg = Release|Any CPU
		{CD8E53D2-B177-494B-AE08-1CEEF98E43D7}.Release|Any CPU.Build.0 = Release|Any CPU
		{078B35A5-11EA-4C8E-8F34-D7C78BBB804A}.Debug|Any CPU.ActiveCfg = Debug|Any CPU
		{078B35A5-11EA-4C8E-8F34-D7C78BBB804A}.Debug|Any CPU.Build.0 = Debug|Any CPU
		{078B35A5-11EA-4C8E-8F34-D7C78BBB804A}.Release|Any CPU.ActiveCfg = Release|Any CPU
		{078B35A5-11EA-4C8E-8F34-D7C78BBB804A}.Release|Any CPU.Build.0 = Release|Any CPU
		{6BDC38A7-6450-4171-9A09-B312BF6E3ACB}.Debug|Any CPU.ActiveCfg = Debug|Any CPU
		{6BDC38A7-6450-4171-9A09-B312BF6E3ACB}.Debug|Any CPU.Build.0 = Debug|Any CPU
		{6BDC38A7-6450-4171-9A09-B312BF6E3ACB}.Release|Any CPU.ActiveCfg = Release|Any CPU
		{6BDC38A7-6450-4171-9A09-B312BF6E3ACB}.Release|Any CPU.Build.0 = Release|Any CPU
		{EB10B8F7-C57A-46AC-B29E-630A3510C371}.Debug|Any CPU.ActiveCfg = Debug|Any CPU
		{EB10B8F7-C57A-46AC-B29E-630A3510C371}.Debug|Any CPU.Build.0 = Debug|Any CPU
		{EB10B8F7-C57A-46AC-B29E-630A3510C371}.Release|Any CPU.ActiveCfg = Release|Any CPU
		{EB10B8F7-C57A-46AC-B29E-630A3510C371}.Release|Any CPU.Build.0 = Release|Any CPU
		{FBD67E48-D08D-4944-A135-46FE57AB1ECA}.Debug|Any CPU.ActiveCfg = Debug|Any CPU
		{FBD67E48-D08D-4944-A135-46FE57AB1ECA}.Debug|Any CPU.Build.0 = Debug|Any CPU
		{FBD67E48-D08D-4944-A135-46FE57AB1ECA}.Release|Any CPU.ActiveCfg = Release|Any CPU
		{FBD67E48-D08D-4944-A135-46FE57AB1ECA}.Release|Any CPU.Build.0 = Release|Any CPU
		{28FD65E3-614D-4F46-8F79-0BEBE29E6F11}.Debug|Any CPU.ActiveCfg = Debug|Any CPU
		{28FD65E3-614D-4F46-8F79-0BEBE29E6F11}.Debug|Any CPU.Build.0 = Debug|Any CPU
		{28FD65E3-614D-4F46-8F79-0BEBE29E6F11}.Release|Any CPU.ActiveCfg = Release|Any CPU
		{28FD65E3-614D-4F46-8F79-0BEBE29E6F11}.Release|Any CPU.Build.0 = Release|Any CPU
	EndGlobalSection
	GlobalSection(SolutionProperties) = preSolution
		HideSolutionNode = FALSE
	EndGlobalSection
	GlobalSection(NestedProjects) = preSolution
		{DD146B4A-D6A5-4738-BC43-0F9A6828278B} = {B1D2F58A-698C-4E6D-99FE-8DDD1106937B}
		{4972CCAA-1A2E-48E3-9C6C-BEA9AC24157C} = {AB7B9003-1693-469E-BF61-DE8F5D5F5B17}
		{ADBA4C92-C283-478D-9BD5-46AE9C7574A7} = {23099FB7-65D5-4119-B65F-575A206DE006}
		{078B35A5-11EA-4C8E-8F34-D7C78BBB804A} = {B1D2F58A-698C-4E6D-99FE-8DDD1106937B}
		{6BDC38A7-6450-4171-9A09-B312BF6E3ACB} = {AB7B9003-1693-469E-BF61-DE8F5D5F5B17}
		{EB10B8F7-C57A-46AC-B29E-630A3510C371} = {A9F2DE80-B8DA-4E40-8C27-5D96C8D49C4A}
		{FBD67E48-D08D-4944-A135-46FE57AB1ECA} = {DC1B5EFF-F4D5-4DB1-896A-8919095CE63D}
	EndGlobalSection
	GlobalSection(ExtensibilityGlobals) = postSolution
		SolutionGuid = {7C271548-FD0D-4A88-8ADA-F7F0D0DE56ED}
	EndGlobalSection
EndGlobal
